{
  "name": "test",
  "version": "1.0.0",
  "lockfileVersion": 3,
  "requires": true,
  "packages": {
    "": {
      "name": "test",
      "version": "1.0.0",
      "dependencies": {
        "@ganache/console.log": "^0.4.0",
        "dotenv": "^16.0.3"
      }
    },
    "node_modules/@chainsafe/as-sha256": {
      "version": "0.3.1",
      "resolved": "https://registry.npmjs.org/@chainsafe/as-sha256/-/as-sha256-0.3.1.tgz",
      "integrity": "sha512-hldFFYuf49ed7DAakWVXSJODuq3pzJEguD8tQ7h+sGkM18vja+OFoJI9krnGmgzyuZC2ETX0NOIcCTy31v2Mtg=="
    },
    "node_modules/@chainsafe/persistent-merkle-tree": {
      "version": "0.4.2",
      "resolved": "https://registry.npmjs.org/@chainsafe/persistent-merkle-tree/-/persistent-merkle-tree-0.4.2.tgz",
      "integrity": "sha512-lLO3ihKPngXLTus/L7WHKaw9PnNJWizlOF1H9NNzHP6Xvh82vzg9F2bzkXhYIFshMZ2gTCEz8tq6STe7r5NDfQ==",
      "dependencies": {
        "@chainsafe/as-sha256": "^0.3.1"
      }
    },
    "node_modules/@chainsafe/ssz": {
      "version": "0.9.4",
      "resolved": "https://registry.npmjs.org/@chainsafe/ssz/-/ssz-0.9.4.tgz",
      "integrity": "sha512-77Qtg2N1ayqs4Bg/wvnWfg5Bta7iy7IRh8XqXh7oNMeP2HBbBwx8m6yTpA8p0EHItWPEBkgZd5S5/LSlp3GXuQ==",
      "dependencies": {
        "@chainsafe/as-sha256": "^0.3.1",
        "@chainsafe/persistent-merkle-tree": "^0.4.2",
        "case": "^1.6.3"
      }
    },
    "node_modules/@ethereumjs/rlp": {
      "version": "4.0.1",
      "resolved": "https://registry.npmjs.org/@ethereumjs/rlp/-/rlp-4.0.1.tgz",
      "integrity": "sha512-tqsQiBQDQdmPWE1xkkBq4rlSW5QZpLOUJ5RJh2/9fug+q9tnUhuZoVLk7s0scUIKTOzEtR72DFBXI4WiZcMpvw==",
      "bin": {
        "rlp": "bin/rlp"
      },
      "engines": {
        "node": ">=14"
      }
    },
    "node_modules/@ethereumjs/util": {
      "version": "8.0.5",
      "resolved": "https://registry.npmjs.org/@ethereumjs/util/-/util-8.0.5.tgz",
      "integrity": "sha512-259rXKK3b3D8HRVdRmlOEi6QFvwxdt304hhrEAmpZhsj7ufXEOTIc9JRZPMnXatKjECokdLNBcDOFBeBSzAIaw==",
      "dependencies": {
        "@chainsafe/ssz": "0.9.4",
        "@ethereumjs/rlp": "^4.0.1",
        "ethereum-cryptography": "^1.1.2"
      },
      "engines": {
        "node": ">=14"
      }
    },
    "node_modules/@ganache/console.log": {
      "version": "0.4.0",
      "resolved": "https://registry.npmjs.org/@ganache/console.log/-/console.log-0.4.0.tgz",
      "integrity": "sha512-STnTNqckh5ztGwtOBA2KlhtJJlROp7TeZqcp6L9brx/CcYDgYWwqluZv2aN4kuIIKlb0BbbtP9Gp3NAKEB2VwA==",
      "dependencies": {
        "@ethereumjs/util": "8.0.5",
        "@ganache/utils": "0.3.0"
      }
    },
    "node_modules/@ganache/utils": {
      "version": "0.3.0",
      "resolved": "https://registry.npmjs.org/@ganache/utils/-/utils-0.3.0.tgz",
      "integrity": "sha512-cxoG8KQxkYPl71BPdKZihjVKqN2AE7WLXjU65BVOQ5jEYrUH3CWSxA9v7CCUJj4e0HoXFpVFIZ+1HRkiBKKiKg==",
      "dependencies": {
        "emittery": "0.10.0",
        "keccak": "3.0.1",
        "seedrandom": "3.0.5"
      },
      "optionalDependencies": {
        "@trufflesuite/bigint-buffer": "1.1.9"
      }
    },
    "node_modules/@noble/hashes": {
      "version": "1.2.0",
      "resolved": "https://registry.npmjs.org/@noble/hashes/-/hashes-1.2.0.tgz",
      "integrity": "sha512-FZfhjEDbT5GRswV3C6uvLPHMiVD6lQBmpoX5+eSiPaMTXte/IKqI5dykDxzZB/WBeK/CDuQRBWarPdi3FNY2zQ==",
      "funding": [
        {
          "type": "individual",
          "url": "https://paulmillr.com/funding/"
        }
      ]
    },
    "node_modules/@noble/secp256k1": {
      "version": "1.7.1",
      "resolved": "https://registry.npmjs.org/@noble/secp256k1/-/secp256k1-1.7.1.tgz",
      "integrity": "sha512-hOUk6AyBFmqVrv7k5WAw/LpszxVbj9gGN4JRkIX52fdFAj1UA61KXmZDvqVEm+pOyec3+fIeZB02LYa/pWOArw==",
      "funding": [
        {
          "type": "individual",
          "url": "https://paulmillr.com/funding/"
        }
      ]
    },
    "node_modules/@scure/base": {
      "version": "1.1.1",
      "resolved": "https://registry.npmjs.org/@scure/base/-/base-1.1.1.tgz",
      "integrity": "sha512-ZxOhsSyxYwLJj3pLZCefNitxsj093tb2vq90mp2txoYeBqbcjDjqFhyM8eUjq/uFm6zJ+mUuqxlS2FkuSY1MTA==",
      "funding": [
        {
          "type": "individual",
          "url": "https://paulmillr.com/funding/"
        }
      ]
    },
    "node_modules/@scure/bip32": {
      "version": "1.1.5",
      "resolved": "https://registry.npmjs.org/@scure/bip32/-/bip32-1.1.5.tgz",
      "integrity": "sha512-XyNh1rB0SkEqd3tXcXMi+Xe1fvg+kUIcoRIEujP1Jgv7DqW2r9lg3Ah0NkFaCs9sTkQAQA8kw7xiRXzENi9Rtw==",
      "funding": [
        {
          "type": "individual",
          "url": "https://paulmillr.com/funding/"
        }
      ],
      "dependencies": {
        "@noble/hashes": "~1.2.0",
        "@noble/secp256k1": "~1.7.0",
        "@scure/base": "~1.1.0"
      }
    },
    "node_modules/@scure/bip39": {
      "version": "1.1.1",
      "resolved": "https://registry.npmjs.org/@scure/bip39/-/bip39-1.1.1.tgz",
      "integrity": "sha512-t+wDck2rVkh65Hmv280fYdVdY25J9YeEUIgn2LG1WM6gxFkGzcksoDiUkWVpVp3Oex9xGC68JU2dSbUfwZ2jPg==",
      "funding": [
        {
          "type": "individual",
          "url": "https://paulmillr.com/funding/"
        }
      ],
      "dependencies": {
        "@noble/hashes": "~1.2.0",
        "@scure/base": "~1.1.0"
      }
    },
    "node_modules/@trufflesuite/bigint-buffer": {
      "version": "1.1.9",
      "resolved": "https://registry.npmjs.org/@trufflesuite/bigint-buffer/-/bigint-buffer-1.1.9.tgz",
      "integrity": "sha512-bdM5cEGCOhDSwminryHJbRmXc1x7dPKg6Pqns3qyTwFlxsqUgxE29lsERS3PlIW1HTjoIGMUqsk1zQQwST1Yxw==",
      "hasInstallScript": true,
      "optional": true,
      "dependencies": {
        "node-gyp-build": "4.3.0"
      },
      "engines": {
        "node": ">= 10.0.0"
      }
    },
    "node_modules/case": {
      "version": "1.6.3",
      "resolved": "https://registry.npmjs.org/case/-/case-1.6.3.tgz",
      "integrity": "sha512-mzDSXIPaFwVDvZAHqZ9VlbyF4yyXRuX6IvB06WvPYkqJVO24kX1PPhv9bfpKNFZyxYFmmgo03HUiD8iklmJYRQ==",
      "engines": {
        "node": ">= 0.8.0"
      }
    },
    "node_modules/dotenv": {
      "version": "16.0.3",
      "resolved": "https://registry.npmjs.org/dotenv/-/dotenv-16.0.3.tgz",
      "integrity": "sha512-7GO6HghkA5fYG9TYnNxi14/7K9f5occMlp3zXAuSxn7CKCxt9xbNWG7yF8hTCSUchlfWSe3uLmlPfigevRItzQ==",
      "engines": {
        "node": ">=12"
      }
    },
    "node_modules/emittery": {
      "version": "0.10.0",
      "resolved": "https://registry.npmjs.org/emittery/-/emittery-0.10.0.tgz",
      "integrity": "sha512-AGvFfs+d0JKCJQ4o01ASQLGPmSCxgfU9RFXvzPvZdjKK8oscynksuJhWrSTSw7j7Ep/sZct5b5ZhYCi8S/t0HQ==",
      "engines": {
        "node": ">=12"
      },
      "funding": {
        "url": "https://github.com/sindresorhus/emittery?sponsor=1"
      }
    },
    "node_modules/ethereum-cryptography": {
      "version": "1.2.0",
      "resolved": "https://registry.npmjs.org/ethereum-cryptography/-/ethereum-cryptography-1.2.0.tgz",
      "integrity": "sha512-6yFQC9b5ug6/17CQpCyE3k9eKBMdhyVjzUy1WkiuY/E4vj/SXDBbCw8QEIaXqf0Mf2SnY6RmpDcwlUmBSS0EJw==",
      "dependencies": {
        "@noble/hashes": "1.2.0",
        "@noble/secp256k1": "1.7.1",
        "@scure/bip32": "1.1.5",
        "@scure/bip39": "1.1.1"
      }
    },
    "node_modules/keccak": {
      "version": "3.0.1",
      "resolved": "https://registry.npmjs.org/keccak/-/keccak-3.0.1.tgz",
      "integrity": "sha512-epq90L9jlFWCW7+pQa6JOnKn2Xgl2mtI664seYR6MHskvI9agt7AnDqmAlp9TqU4/caMYbA08Hi5DMZAl5zdkA==",
      "hasInstallScript": true,
      "dependencies": {
        "node-addon-api": "^2.0.0",
        "node-gyp-build": "^4.2.0"
      },
      "engines": {
        "node": ">=10.0.0"
      }
    },
    "node_modules/node-addon-api": {
      "version": "2.0.2",
      "resolved": "https://registry.npmjs.org/node-addon-api/-/node-addon-api-2.0.2.tgz",
      "integrity": "sha512-Ntyt4AIXyaLIuMHF6IOoTakB3K+RWxwtsHNRxllEoA6vPwP9o4866g6YWDLUdnucilZhmkxiHwHr11gAENw+QA=="
    },
    "node_modules/node-gyp-build": {
      "version": "4.3.0",
      "resolved": "https://registry.npmjs.org/node-gyp-build/-/node-gyp-build-4.3.0.tgz",
      "integrity": "sha512-iWjXZvmboq0ja1pUGULQBexmxq8CV4xBhX7VDOTbL7ZR4FOowwY/VOtRxBN/yKxmdGoIp4j5ysNT4u3S2pDQ3Q==",
      "bin": {
        "node-gyp-build": "bin.js",
        "node-gyp-build-optional": "optional.js",
        "node-gyp-build-test": "build-test.js"
      }
    },
    "node_modules/seedrandom": {
      "version": "3.0.5",
      "resolved": "https://registry.npmjs.org/seedrandom/-/seedrandom-3.0.5.tgz",
      "integrity": "sha512-8OwmbklUNzwezjGInmZ+2clQmExQPvomqjL7LFqOYqtmuxRgQYqOD3mHaU+MvZn5FLUeVxVfQjwLZW/n/JFuqg=="
    }
  }
}
